
Microsoft Visual Studio Solution File, Format Version 12.00
# Visual Studio Version 16
VisualStudioVersion = 16.0.30011.22
MinimumVisualStudioVersion = 10.0.40219.1
Project("{FAE04EC0-301F-11D3-BF4B-00C04F79EFBC}") = "ConsoleAppForAzureTable", "ConsoleAppForAzureTable\ConsoleAppForAzureTable.csproj", "{8A0304D1-A61D-4121-9559-B3D17533087E}"
EndProject
Global
	GlobalSection(SolutionConfigurationPlatforms) = preSolution
		Debug|Any CPU = Debug|Any CPU
		Release|Any CPU = Release|Any CPU
	EndGlobalSection
	GlobalSection(ProjectConfigurationPlatforms) = postSolution
		{8A0304D1-A61D-4121-9559-B3D17533087E}.Debug|Any CPU.ActiveCfg = Debug|Any CPU
		{8A0304D1-A61D-4121-9559-B3D17533087E}.Debug|Any CPU.Build.0 = Debug|Any CPU
		{8A0304D1-A61D-4121-9559-B3D17533087E}.Release|Any CPU.ActiveCfg = Release|Any CPU
		{8A0304D1-A61D-4121-9559-B3D17533087E}.Release|Any CPU.Build.0 = Release|Any CPU
	EndGlobalSection
	GlobalSection(SolutionProperties) = preSolution
		HideSolutionNode = FALSE
	EndGlobalSection
	GlobalSection(ExtensibilityGlobals) = postSolution
		SolutionGuid = {3766B18F-01F7-4B72-9A28-6E6964F31164}
	EndGlobalSection
EndGlobal
